
Microsoft Visual Studio Solution File, Format Version 12.00
# Visual Studio Version 17
VisualStudioVersion = 17.4.33213.308
MinimumVisualStudioVersion = 10.0.40219.1
Project("{FAE04EC0-301F-11D3-BF4B-00C04F79EFBC}") = "Method Overriding", "Method Overriding\Method Overriding.csproj", "{C61E772A-323F-4E13-8B90-F23C7901D78F}"
EndProject
Global
	GlobalSection(SolutionConfigurationPlatforms) = preSolution
		Debug|Any CPU = Debug|Any CPU
		Release|Any CPU = Release|Any CPU
	EndGlobalSection
	GlobalSection(ProjectConfigurationPlatforms) = postSolution
		{C61E772A-323F-4E13-8B90-F23C7901D78F}.Debug|Any CPU.ActiveCfg = Debug|Any CPU
		{C61E772A-323F-4E13-8B90-F23C7901D78F}.Debug|Any CPU.Build.0 = Debug|Any CPU
		{C61E772A-323F-4E13-8B90-F23C7901D78F}.Release|Any CPU.ActiveCfg = Release|Any CPU
		{C61E772A-323F-4E13-8B90-F23C7901D78F}.Release|Any CPU.Build.0 = Release|Any CPU
	EndGlobalSection
	GlobalSection(SolutionProperties) = preSolution
		HideSolutionNode = FALSE
	EndGlobalSection
	GlobalSection(ExtensibilityGlobals) = postSolution
		SolutionGuid = {3A34705E-F104-4CBC-97C4-B41B4F15CAC9}
	EndGlobalSection
EndGlobal
